
Microsoft Visual Studio Solution File, Format Version 12.00
# Visual Studio Version 16
VisualStudioVersion = 16.0.35325.158
MinimumVisualStudioVersion = 10.0.40219.1
Project("{FAE04EC0-301F-11D3-BF4B-00C04F79EFBC}") = "Assessment-1", "Assessment-1.csproj", "{D2963705-32BA-4560-833B-D553FC969B59}"
EndProject
Global
	GlobalSection(SolutionConfigurationPlatforms) = preSolution
		Debug|Any CPU = Debug|Any CPU
		Release|Any CPU = Release|Any CPU
	EndGlobalSection
	GlobalSection(ProjectConfigurationPlatforms) = postSolution
		{D2963705-32BA-4560-833B-D553FC969B59}.Debug|Any CPU.ActiveCfg = Debug|Any CPU
		{D2963705-32BA-4560-833B-D553FC969B59}.Debug|Any CPU.Build.0 = Debug|Any CPU
		{D2963705-32BA-4560-833B-D553FC969B59}.Release|Any CPU.ActiveCfg = Release|Any CPU
		{D2963705-32BA-4560-833B-D553FC969B59}.Release|Any CPU.Build.0 = Release|Any CPU
	EndGlobalSection
	GlobalSection(SolutionProperties) = preSolution
		HideSolutionNode = FALSE
	EndGlobalSection
	GlobalSection(ExtensibilityGlobals) = postSolution
		SolutionGuid = {CC8EFFF5-DAAA-476B-B10B-A1EC0EE4A04A}
	EndGlobalSection
EndGlobal
